
Microsoft Visual Studio Solution File, Format Version 12.00
# Visual Studio Version 17
VisualStudioVersion = 17.3.32819.101
MinimumVisualStudioVersion = 10.0.40219.1
Project("{888888A0-9F3D-457C-B088-3A5042F75D52}") = "praktilinepython", "praktilinepython.pyproj", "{E2CD3BA5-1C26-4BEF-A4DA-9936582F07D8}"
EndProject
Global
	GlobalSection(SolutionConfigurationPlatforms) = preSolution
		Debug|Any CPU = Debug|Any CPU
		Release|Any CPU = Release|Any CPU
	EndGlobalSection
	GlobalSection(ProjectConfigurationPlatforms) = postSolution
		{E2CD3BA5-1C26-4BEF-A4DA-9936582F07D8}.Debug|Any CPU.ActiveCfg = Debug|Any CPU
		{E2CD3BA5-1C26-4BEF-A4DA-9936582F07D8}.Release|Any CPU.ActiveCfg = Release|Any CPU
	EndGlobalSection
	GlobalSection(SolutionProperties) = preSolution
		HideSolutionNode = FALSE
	EndGlobalSection
	GlobalSection(ExtensibilityGlobals) = postSolution
		SolutionGuid = {0E31629C-417B-4588-90DB-091D9A240AEA}
	EndGlobalSection
EndGlobal
